
Microsoft Visual Studio Solution File, Format Version 12.00
# Visual Studio Express 2013 for Windows Desktop
VisualStudioVersion = 12.0.21005.1
MinimumVisualStudioVersion = 10.0.40219.1
Project("{8BC9CEB8-8B4A-11D0-8D11-00A0C91BC942}") = "bumbler", "bumbler\bumbler.vcxproj", "{E9D449AA-A1ED-45A3-9166-23E80DA8F22B}"
	ProjectSection(ProjectDependencies) = postProject
		{D755EC2F-93F6-43A6-B0A8-C7A15899E11D} = {D755EC2F-93F6-43A6-B0A8-C7A15899E11D}
	EndProjectSection
EndProject
Project("{8BC9CEB8-8B4A-11D0-8D11-00A0C91BC942}") = "server", "server\server.vcxproj", "{2A49A22B-A522-4FD4-AF79-6B7C068291E3}"
	ProjectSection(ProjectDependencies) = postProject
		{D755EC2F-93F6-43A6-B0A8-C7A15899E11D} = {D755EC2F-93F6-43A6-B0A8-C7A15899E11D}
	EndProjectSection
EndProject
Project("{8BC9CEB8-8B4A-11D0-8D11-00A0C91BC942}") = "atan", "libs\atan\atan.vcxproj", "{0E43DFB5-E72C-4BC7-9795-B7C665E505CC}"
EndProject
Project("{8BC9CEB8-8B4A-11D0-8D11-00A0C91BC942}") = "shared", "shared\shared.vcxproj", "{D755EC2F-93F6-43A6-B0A8-C7A15899E11D}"
	ProjectSection(ProjectDependencies) = postProject
		{0E43DFB5-E72C-4BC7-9795-B7C665E505CC} = {0E43DFB5-E72C-4BC7-9795-B7C665E505CC}
	EndProjectSection
EndProject
Global
	GlobalSection(SolutionConfigurationPlatforms) = preSolution
		Debug|Win32 = Debug|Win32
		Release|Win32 = Release|Win32
	EndGlobalSection
	GlobalSection(ProjectConfigurationPlatforms) = postSolution
		{E9D449AA-A1ED-45A3-9166-23E80DA8F22B}.Debug|Win32.ActiveCfg = Debug|Win32
		{E9D449AA-A1ED-45A3-9166-23E80DA8F22B}.Debug|Win32.Build.0 = Debug|Win32
		{E9D449AA-A1ED-45A3-9166-23E80DA8F22B}.Release|Win32.ActiveCfg = Release|Win32
		{E9D449AA-A1ED-45A3-9166-23E80DA8F22B}.Release|Win32.Build.0 = Release|Win32
		{2A49A22B-A522-4FD4-AF79-6B7C068291E3}.Debug|Win32.ActiveCfg = Debug|Win32
		{2A49A22B-A522-4FD4-AF79-6B7C068291E3}.Debug|Win32.Build.0 = Debug|Win32
		{2A49A22B-A522-4FD4-AF79-6B7C068291E3}.Release|Win32.ActiveCfg = Release|Win32
		{2A49A22B-A522-4FD4-AF79-6B7C068291E3}.Release|Win32.Build.0 = Release|Win32
		{0E43DFB5-E72C-4BC7-9795-B7C665E505CC}.Debug|Win32.ActiveCfg = Debug|Win32
		{0E43DFB5-E72C-4BC7-9795-B7C665E505CC}.Debug|Win32.Build.0 = Debug|Win32
		{0E43DFB5-E72C-4BC7-9795-B7C665E505CC}.Release|Win32.ActiveCfg = Release|Win32
		{0E43DFB5-E72C-4BC7-9795-B7C665E505CC}.Release|Win32.Build.0 = Release|Win32
		{D755EC2F-93F6-43A6-B0A8-C7A15899E11D}.Debug|Win32.ActiveCfg = Debug|Win32
		{D755EC2F-93F6-43A6-B0A8-C7A15899E11D}.Debug|Win32.Build.0 = Debug|Win32
		{D755EC2F-93F6-43A6-B0A8-C7A15899E11D}.Release|Win32.ActiveCfg = Release|Win32
		{D755EC2F-93F6-43A6-B0A8-C7A15899E11D}.Release|Win32.Build.0 = Release|Win32
	EndGlobalSection
	GlobalSection(SolutionProperties) = preSolution
		HideSolutionNode = FALSE
	EndGlobalSection
EndGlobal
